
Microsoft Visual Studio Solution File, Format Version 12.00
# Visual Studio 15
VisualStudioVersion = 15.0.28307.271
MinimumVisualStudioVersion = 10.0.40219.1
Project("{FAE04EC0-301F-11D3-BF4B-00C04F79EFBC}") = "DotNetCoreConsole_V3", "DotNetCoreConsole_V3\DotNetCoreConsole_V3.csproj", "{04F9BBE4-28FF-463D-AE09-4C590DEF380D}"
EndProject
Project("{9A19103F-16F7-4668-BE54-9A1E7A4F7556}") = "MyLogManager", "MyLogManager\MyLogManager.csproj", "{9CBE2666-FAA1-40CF-BCC6-BC369AA297A5}"
EndProject
Global
	GlobalSection(SolutionConfigurationPlatforms) = preSolution
		Debug|Any CPU = Debug|Any CPU
		Release|Any CPU = Release|Any CPU
	EndGlobalSection
	GlobalSection(ProjectConfigurationPlatforms) = postSolution
		{04F9BBE4-28FF-463D-AE09-4C590DEF380D}.Debug|Any CPU.ActiveCfg = Debug|Any CPU
		{04F9BBE4-28FF-463D-AE09-4C590DEF380D}.Debug|Any CPU.Build.0 = Debug|Any CPU
		{04F9BBE4-28FF-463D-AE09-4C590DEF380D}.Release|Any CPU.ActiveCfg = Release|Any CPU
		{04F9BBE4-28FF-463D-AE09-4C590DEF380D}.Release|Any CPU.Build.0 = Release|Any CPU
		{9CBE2666-FAA1-40CF-BCC6-BC369AA297A5}.Debug|Any CPU.ActiveCfg = Debug|Any CPU
		{9CBE2666-FAA1-40CF-BCC6-BC369AA297A5}.Debug|Any CPU.Build.0 = Debug|Any CPU
		{9CBE2666-FAA1-40CF-BCC6-BC369AA297A5}.Release|Any CPU.ActiveCfg = Release|Any CPU
		{9CBE2666-FAA1-40CF-BCC6-BC369AA297A5}.Release|Any CPU.Build.0 = Release|Any CPU
	EndGlobalSection
	GlobalSection(SolutionProperties) = preSolution
		HideSolutionNode = FALSE
	EndGlobalSection
	GlobalSection(ExtensibilityGlobals) = postSolution
		SolutionGuid = {3BB444E9-38AD-4AB3-AC6C-8E82A93381D0}
	EndGlobalSection
EndGlobal
