
Microsoft Visual Studio Solution File, Format Version 12.00
# Visual Studio 15
VisualStudioVersion = 15.0.28307.271
MinimumVisualStudioVersion = 10.0.40219.1
Project("{FAE04EC0-301F-11D3-BF4B-00C04F79EFBC}") = "DotNetCoreConsole_V2", "DotNetCoreConsole_V2\DotNetCoreConsole_V2.csproj", "{C564458D-5C35-4724-AB14-BAA1B034116E}"
EndProject
Project("{FAE04EC0-301F-11D3-BF4B-00C04F79EFBC}") = "MyLogManager", "MyLogManager\MyLogManager.csproj", "{03F024CA-F6BF-48F2-8E31-BC5D281CF4F7}"
EndProject
Global
	GlobalSection(SolutionConfigurationPlatforms) = preSolution
		Debug|Any CPU = Debug|Any CPU
		Release|Any CPU = Release|Any CPU
	EndGlobalSection
	GlobalSection(ProjectConfigurationPlatforms) = postSolution
		{C564458D-5C35-4724-AB14-BAA1B034116E}.Debug|Any CPU.ActiveCfg = Debug|Any CPU
		{C564458D-5C35-4724-AB14-BAA1B034116E}.Debug|Any CPU.Build.0 = Debug|Any CPU
		{C564458D-5C35-4724-AB14-BAA1B034116E}.Release|Any CPU.ActiveCfg = Release|Any CPU
		{C564458D-5C35-4724-AB14-BAA1B034116E}.Release|Any CPU.Build.0 = Release|Any CPU
		{03F024CA-F6BF-48F2-8E31-BC5D281CF4F7}.Debug|Any CPU.ActiveCfg = Debug|Any CPU
		{03F024CA-F6BF-48F2-8E31-BC5D281CF4F7}.Debug|Any CPU.Build.0 = Debug|Any CPU
		{03F024CA-F6BF-48F2-8E31-BC5D281CF4F7}.Release|Any CPU.ActiveCfg = Release|Any CPU
		{03F024CA-F6BF-48F2-8E31-BC5D281CF4F7}.Release|Any CPU.Build.0 = Release|Any CPU
	EndGlobalSection
	GlobalSection(SolutionProperties) = preSolution
		HideSolutionNode = FALSE
	EndGlobalSection
	GlobalSection(ExtensibilityGlobals) = postSolution
		SolutionGuid = {27558DBC-AF86-4F60-B4AA-589F46747F8D}
	EndGlobalSection
EndGlobal
